dependencies:
- name: common
  repository: file://../common
  version: 0.1.0
- name: common
  repository: file://../common
  version: 0.1.0
- name: common
  repository: file://../common
  version: 0.1.0
- name: redis
  repository: https://charts.bitnami.com/bitnami
  version: 19.4.0
- name: postgresql
  repository: https://charts.bitnami.com/bitnami
  version: 15.4.0
- name: minio
  repository: https://charts.bitnami.com/bitnami
  version: 14.6.0
digest: sha256:11ac42bc214180acbc058d0938c091be8e58c1f106188531422967def9ddfff1
generated: "2024-05-22T20:59:40.303480639+02:00"
