dependencies:
- name: common
  repository: file://../common
  version: 0.1.1
- name: common
  repository: file://../common
  version: 0.1.1
- name: common
  repository: file://../common
  version: 0.1.1
- name: redis
  repository: https://charts.bitnami.com/bitnami
  version: 19.5.5
- name: postgresql
  repository: https://charts.bitnami.com/bitnami
  version: 15.5.9
- name: minio
  repository: https://charts.bitnami.com/bitnami
  version: 14.6.11
digest: sha256:8e99a0fb46bec8712fed45a088ee521fafc8b5a8aab8a89c1c56e20c67019ba1
generated: "2024-06-24T13:16:49.382349097+02:00"
