dependencies:
- name: common
  repository: file://../common
  version: 0.1.1
- name: common
  repository: file://../common
  version: 0.1.1
- name: common
  repository: file://../common
  version: 0.1.1
- name: redis
  repository: https://charts.bitnami.com/bitnami
  version: 20.2.1
- name: postgresql
  repository: https://charts.bitnami.com/bitnami
  version: 16.0.6
- name: minio
  repository: https://charts.bitnami.com/bitnami
  version: 14.8.0
digest: sha256:32fc98ade89672c237341e3b9cfcc6736375a7a20f721deb6c59c8beb91c907c
generated: "2024-10-28T12:11:27.438011+01:00"
