dependencies:
- name: common
  repository: file://../common
  version: 0.1.0
- name: common
  repository: file://../common
  version: 0.1.0
- name: common
  repository: file://../common
  version: 0.1.0
- name: common
  repository: file://../common
  version: 0.1.0
- name: common
  repository: file://../common
  version: 0.1.0
- name: common
  repository: file://../common
  version: 0.1.0
digest: sha256:cdb0ec70ac41432b7e89350543a587024e00fc8b98e2b685557fc33d1851527d
generated: "2024-05-23T22:29:58.846292952+02:00"
