dependencies:
- name: common
  repository: file://../common
  version: 0.1.1
- name: common
  repository: file://../common
  version: 0.1.1
- name: common
  repository: file://../common
  version: 0.1.1
- name: common
  repository: file://../common
  version: 0.1.1
- name: common
  repository: file://../common
  version: 0.1.1
- name: common
  repository: file://../common
  version: 0.1.1
digest: sha256:0ed262d2dfb356e04921f66f923310018ee3ae85bedd5a8bbc6aeb9aeb717ce2
generated: "2024-06-24T13:17:00.222789064+02:00"
