dependencies:
- name: common
  repository: https://charts.bitnami.com/bitnami
  version: 2.19.3
- name: kimai2
  repository: https://robjuz.github.io/helm-charts
  version: 4.1.3
digest: sha256:2cc63dd23c5d517b5d6700c4a3e9f3d582091533243dc34672273cb7de4b5435
generated: "2024-06-24T12:38:40.696885936+02:00"
